
Microsoft Visual Studio Solution File, Format Version 12.00
Project("{FAE04EC0-301F-11D3-BF4B-00C04F79EFBC}") = "GenericRepository", "GenericRepository\GenericRepository.csproj", "{E51E4A68-649B-470D-875E-52A0BD37D3C4}"
EndProject
Project("{FAE04EC0-301F-11D3-BF4B-00C04F79EFBC}") = "GenericRepository.UnitTests", "GenericRepository.UnitTests\GenericRepository.UnitTests.csproj", "{D19A3EB5-36BC-4526-89A2-38CB9F53048F}"
EndProject
Project("{FAE04EC0-301F-11D3-BF4B-00C04F79EFBC}") = "GenericRepository.Test.Common", "GenericRepository.Test.Common\GenericRepository.Test.Common.csproj", "{557AD9AC-EE45-4EB5-B004-A27D423DCA66}"
EndProject
Global
	GlobalSection(SolutionConfigurationPlatforms) = preSolution
		Debug|Any CPU = Debug|Any CPU
		Release|Any CPU = Release|Any CPU
	EndGlobalSection
	GlobalSection(ProjectConfigurationPlatforms) = postSolution
		{E51E4A68-649B-470D-875E-52A0BD37D3C4}.Debug|Any CPU.ActiveCfg = Debug|Any CPU
		{E51E4A68-649B-470D-875E-52A0BD37D3C4}.Debug|Any CPU.Build.0 = Debug|Any CPU
		{E51E4A68-649B-470D-875E-52A0BD37D3C4}.Release|Any CPU.ActiveCfg = Release|Any CPU
		{E51E4A68-649B-470D-875E-52A0BD37D3C4}.Release|Any CPU.Build.0 = Release|Any CPU
		{D19A3EB5-36BC-4526-89A2-38CB9F53048F}.Debug|Any CPU.ActiveCfg = Debug|Any CPU
		{D19A3EB5-36BC-4526-89A2-38CB9F53048F}.Debug|Any CPU.Build.0 = Debug|Any CPU
		{D19A3EB5-36BC-4526-89A2-38CB9F53048F}.Release|Any CPU.ActiveCfg = Release|Any CPU
		{D19A3EB5-36BC-4526-89A2-38CB9F53048F}.Release|Any CPU.Build.0 = Release|Any CPU
		{557AD9AC-EE45-4EB5-B004-A27D423DCA66}.Debug|Any CPU.ActiveCfg = Debug|Any CPU
		{557AD9AC-EE45-4EB5-B004-A27D423DCA66}.Debug|Any CPU.Build.0 = Debug|Any CPU
		{557AD9AC-EE45-4EB5-B004-A27D423DCA66}.Release|Any CPU.ActiveCfg = Release|Any CPU
		{557AD9AC-EE45-4EB5-B004-A27D423DCA66}.Release|Any CPU.Build.0 = Release|Any CPU
	EndGlobalSection
EndGlobal
